
Microsoft Visual Studio Solution File, Format Version 12.00
# Visual Studio Version 17
VisualStudioVersion = 17.6.33829.357
MinimumVisualStudioVersion = 10.0.40219.1
Project("{FAE04EC0-301F-11D3-BF4B-00C04F79EFBC}") = "DBKursachApp", "DBKursachApp\DBKursachApp.csproj", "{9DCE1D4D-F512-4A24-B16F-C55DC4C3902C}"
EndProject
Global
	GlobalSection(SolutionConfigurationPlatforms) = preSolution
		Debug|Any CPU = Debug|Any CPU
		Release|Any CPU = Release|Any CPU
	EndGlobalSection
	GlobalSection(ProjectConfigurationPlatforms) = postSolution
		{9DCE1D4D-F512-4A24-B16F-C55DC4C3902C}.Debug|Any CPU.ActiveCfg = Debug|Any CPU
		{9DCE1D4D-F512-4A24-B16F-C55DC4C3902C}.Debug|Any CPU.Build.0 = Debug|Any CPU
		{9DCE1D4D-F512-4A24-B16F-C55DC4C3902C}.Release|Any CPU.ActiveCfg = Release|Any CPU
		{9DCE1D4D-F512-4A24-B16F-C55DC4C3902C}.Release|Any CPU.Build.0 = Release|Any CPU
	EndGlobalSection
	GlobalSection(SolutionProperties) = preSolution
		HideSolutionNode = FALSE
	EndGlobalSection
	GlobalSection(ExtensibilityGlobals) = postSolution
		SolutionGuid = {1AAF5895-6084-4672-8D26-CE709B241331}
	EndGlobalSection
EndGlobal
